
Microsoft Visual Studio Solution File, Format Version 12.00
# Visual Studio Version 17
VisualStudioVersion = 17.5.33530.505
MinimumVisualStudioVersion = 10.0.40219.1
Project("{FAE04EC0-301F-11D3-BF4B-00C04F79EFBC}") = "NickName Generator", "NickName Generator.csproj", "{50DEFAB1-F303-4053-A009-A14631A30CD1}"
EndProject
Global
	GlobalSection(SolutionConfigurationPlatforms) = preSolution
		Debug|Any CPU = Debug|Any CPU
		Release|Any CPU = Release|Any CPU
	EndGlobalSection
	GlobalSection(ProjectConfigurationPlatforms) = postSolution
		{50DEFAB1-F303-4053-A009-A14631A30CD1}.Debug|Any CPU.ActiveCfg = Debug|Any CPU
		{50DEFAB1-F303-4053-A009-A14631A30CD1}.Debug|Any CPU.Build.0 = Debug|Any CPU
		{50DEFAB1-F303-4053-A009-A14631A30CD1}.Release|Any CPU.ActiveCfg = Release|Any CPU
		{50DEFAB1-F303-4053-A009-A14631A30CD1}.Release|Any CPU.Build.0 = Release|Any CPU
	EndGlobalSection
	GlobalSection(SolutionProperties) = preSolution
		HideSolutionNode = FALSE
	EndGlobalSection
	GlobalSection(ExtensibilityGlobals) = postSolution
		SolutionGuid = {5BCC923C-8DF7-4432-94C4-EE3E022F1C58}
	EndGlobalSection
EndGlobal
